{
  "requires": true,
  "lockfileVersion": 1,
  "dependencies": {
    "easing": {
      "version": "0.0.4",
      "resolved": "https://registry.npmjs.org/easing/-/easing-0.0.4.tgz",
      "integrity": "sha1-ZLer6od6v4wBKpVdoOFKj5U8ulU="
    },
    "fontawesome": {
      "version": "4.7.2",
      "resolved": "https://registry.npmjs.org/fontawesome/-/fontawesome-4.7.2.tgz",
      "integrity": "sha1-fwxyrHprAp0zdbrLI1Itms/FClI="
    },
    "greensock": {
      "version": "1.20.2",
      "resolved": "https://registry.npmjs.org/greensock/-/greensock-1.20.2.tgz",
      "integrity": "sha512-ru69ioh8OalFCsBL1qPjqHtm/lAi9hqsuONYd1w5R3gvH2DjkFfuH3NWA+zTI6HFtJkOjTD0JJrKtJlc76E5VQ=="
    },
    "jquery": {
      "version": "1.12.1",
      "resolved": "https://registry.npmjs.org/jquery/-/jquery-1.12.1.tgz",
      "integrity": "sha1-nMNM5HgNTOuQxEMo8HEGTwGWDBg="
    },
    "owl.carousel": {
      "version": "2.3.4",
      "resolved": "https://registry.npmjs.org/owl.carousel/-/owl.carousel-2.3.4.tgz",
      "integrity": "sha512-JaDss9+feAvEW8KZppPSpllfposEzQiW+Ytt/Xm5t/3CTJ7YVmkh6RkWixoA2yXk2boIwedYxOvrrppIGzru9A==",
      "requires": {
        "jquery": "1.12.1"
      }
    },
    "rellax": {
      "version": "1.6.2",
      "resolved": "https://registry.npmjs.org/rellax/-/rellax-1.6.2.tgz",
      "integrity": "sha512-JVHA7Stzxfc9XB7HTLfl9SgbFSKKdAMYUOkRlijaK7XGiYZ28L7gmXOVLRTN6z2F9v/ybWyMf3er0mlkaNJtmA=="
    },
    "scrollmagic": {
      "version": "2.0.5",
      "resolved": "https://registry.npmjs.org/scrollmagic/-/scrollmagic-2.0.5.tgz",
      "integrity": "sha1-rXWXNBx2+x9KW+wSlooJIjvQjdk="
    },
    "slick": {
      "version": "1.12.2",
      "resolved": "https://registry.npmjs.org/slick/-/slick-1.12.2.tgz",
      "integrity": "sha1-vQSN23TefRymkV+qSldXCzVQwtc="
    }
  }
}
